
Microsoft Visual Studio Solution File, Format Version 12.00
# Visual Studio Version 17
VisualStudioVersion = 17.8.34525.116
MinimumVisualStudioVersion = 10.0.40219.1
Project("{FAE04EC0-301F-11D3-BF4B-00C04F79EFBC}") = "HelloWorld", "HelloWorld.csproj", "{918031C7-CA07-4A17-917F-191ADAAF4750}"
EndProject
Global
	GlobalSection(SolutionConfigurationPlatforms) = preSolution
		Debug|Any CPU = Debug|Any CPU
		Release|Any CPU = Release|Any CPU
	EndGlobalSection
	GlobalSection(ProjectConfigurationPlatforms) = postSolution
		{918031C7-CA07-4A17-917F-191ADAAF4750}.Debug|Any CPU.ActiveCfg = Debug|Any CPU
		{918031C7-CA07-4A17-917F-191ADAAF4750}.Debug|Any CPU.Build.0 = Debug|Any CPU
		{918031C7-CA07-4A17-917F-191ADAAF4750}.Release|Any CPU.ActiveCfg = Release|Any CPU
		{918031C7-CA07-4A17-917F-191ADAAF4750}.Release|Any CPU.Build.0 = Release|Any CPU
	EndGlobalSection
	GlobalSection(SolutionProperties) = preSolution
		HideSolutionNode = FALSE
	EndGlobalSection
	GlobalSection(ExtensibilityGlobals) = postSolution
		SolutionGuid = {BC41C48D-803A-4DCD-94AE-B377174FEC0B}
	EndGlobalSection
EndGlobal
